
Microsoft Visual Studio Solution File, Format Version 12.00
# Visual Studio Version 16
VisualStudioVersion = 16.0.30413.136
MinimumVisualStudioVersion = 10.0.40219.1
Project("{9A19103F-16F7-4668-BE54-9A1E7A4F7556}") = "TheBattleApi", "TheBattleApi\TheBattleApi.csproj", "{5179B248-9A54-46E6-90C3-93545F4FE1D0}"
EndProject
Project("{FAE04EC0-301F-11D3-BF4B-00C04F79EFBC}") = "Logger", "Logger\Logger.csproj", "{D6BCFC54-61EA-4C85-B4E9-E587B9C50549}"
EndProject
Global
	GlobalSection(SolutionConfigurationPlatforms) = preSolution
		Debug|Any CPU = Debug|Any CPU
		Release|Any CPU = Release|Any CPU
	EndGlobalSection
	GlobalSection(ProjectConfigurationPlatforms) = postSolution
		{5179B248-9A54-46E6-90C3-93545F4FE1D0}.Debug|Any CPU.ActiveCfg = Debug|Any CPU
		{5179B248-9A54-46E6-90C3-93545F4FE1D0}.Debug|Any CPU.Build.0 = Debug|Any CPU
		{5179B248-9A54-46E6-90C3-93545F4FE1D0}.Release|Any CPU.ActiveCfg = Release|Any CPU
		{5179B248-9A54-46E6-90C3-93545F4FE1D0}.Release|Any CPU.Build.0 = Release|Any CPU
		{D6BCFC54-61EA-4C85-B4E9-E587B9C50549}.Debug|Any CPU.ActiveCfg = Debug|Any CPU
		{D6BCFC54-61EA-4C85-B4E9-E587B9C50549}.Debug|Any CPU.Build.0 = Debug|Any CPU
		{D6BCFC54-61EA-4C85-B4E9-E587B9C50549}.Release|Any CPU.ActiveCfg = Release|Any CPU
		{D6BCFC54-61EA-4C85-B4E9-E587B9C50549}.Release|Any CPU.Build.0 = Release|Any CPU
	EndGlobalSection
	GlobalSection(SolutionProperties) = preSolution
		HideSolutionNode = FALSE
	EndGlobalSection
	GlobalSection(ExtensibilityGlobals) = postSolution
		SolutionGuid = {037E5087-F8A2-4F38-BFC2-DF4894802945}
	EndGlobalSection
EndGlobal
